
Microsoft Visual Studio Solution File, Format Version 12.00
# Visual Studio Version 17
VisualStudioVersion = 17.8.34330.188
MinimumVisualStudioVersion = 10.0.40219.1
Project("{FAE04EC0-301F-11D3-BF4B-00C04F79EFBC}") = "EaglesAirlines", "EaglesAirlines\EaglesAirlines.csproj", "{8D162DED-FA2A-4422-B57D-3126D45178DD}"
EndProject
Global
	GlobalSection(SolutionConfigurationPlatforms) = preSolution
		Debug|Any CPU = Debug|Any CPU
		Release|Any CPU = Release|Any CPU
	EndGlobalSection
	GlobalSection(ProjectConfigurationPlatforms) = postSolution
		{8D162DED-FA2A-4422-B57D-3126D45178DD}.Debug|Any CPU.ActiveCfg = Debug|Any CPU
		{8D162DED-FA2A-4422-B57D-3126D45178DD}.Debug|Any CPU.Build.0 = Debug|Any CPU
		{8D162DED-FA2A-4422-B57D-3126D45178DD}.Release|Any CPU.ActiveCfg = Release|Any CPU
		{8D162DED-FA2A-4422-B57D-3126D45178DD}.Release|Any CPU.Build.0 = Release|Any CPU
	EndGlobalSection
	GlobalSection(SolutionProperties) = preSolution
		HideSolutionNode = FALSE
	EndGlobalSection
	GlobalSection(ExtensibilityGlobals) = postSolution
		SolutionGuid = {5212EEF2-DA82-463E-828F-559964FDAB06}
	EndGlobalSection
EndGlobal
